// !$*UTF8*$!
{
	archiveVersion = 1;
	classes = {
	};
	objectVersion = 46;
	objects = {

/* Begin PBXBuildFile section */
		89652F9B1EE4122B0061061E /* AppDelegate.swift in Sources */ = {isa = PBXBuildFile; fileRef = 89652F9A1EE4122B0061061E /* AppDelegate.swift */; };
		89652F9D1EE4122B0061061E /* FirstViewController.swift in Sources */ = {isa = PBXBuildFile; fileRef = 89652F9C1EE4122B0061061E /* FirstViewController.swift */; };
		89652F9F1EE4122B0061061E /* SecondViewController.swift in Sources */ = {isa = PBXBuildFile; fileRef = 89652F9E1EE4122B0061061E /* SecondViewController.swift */; };
		89652FA21EE4122B0061061E /* Main.storyboard in Resources */ = {isa = PBXBuildFile; fileRef = 89652FA01EE4122B0061061E /* Main.storyboard */; };
		89652FA41EE4122B0061061E /* Assets.xcassets in Resources */ = {isa = PBXBuildFile; fileRef = 89652FA31EE4122B0061061E /* Assets.xcassets */; };
		89652FA71EE4122B0061061E /* LaunchScreen.storyboard in Resources */ = {isa = PBXBuildFile; fileRef = 89652FA51EE4122B0061061E /* LaunchScreen.storyboard */; };
/* End PBXBuildFile section */

/* Begin PBXFileReference section */
		89652F971EE4122B0061061E /* To-Do-List.app */ = {isa = PBXFileReference; explicitFileType = wrapper.application; includeInIndex = 0; path = "To-Do-List.app"; sourceTree = BUILT_PRODUCTS_DIR; };
		89652F9A1EE4122B0061061E /* AppDelegate.swift */ = {isa = PBXFileReference; lastKnownFileType = sourcecode.swift; path = AppDelegate.swift; sourceTree = "<group>"; };
		89652F9C1EE4122B0061061E /* FirstViewController.swift */ = {isa = PBXFileReference; lastKnownFileType = sourcecode.swift; path = FirstViewController.swift; sourceTree = "<group>"; };
		89652F9E1EE4122B0061061E /* SecondViewController.swift */ = {isa = PBXFileReference; lastKnownFileType = sourcecode.swift; path = SecondViewController.swift; sourceTree = "<group>"; };
		89652FA11EE4122B0061061E /* Base */ = {isa = PBXFileReference; lastKnownFileType = file.storyboard; name = Base; path = Base.lproj/Main.storyboard; sourceTree = "<group>"; };
		89652FA31EE4122B0061061E /* Assets.xcassets */ = {isa = PBXFileReference; lastKnownFileType = folder.assetcatalog; path = Assets.xcassets; sourceTree = "<group>"; };
		89652FA61EE4122B0061061E /* Base */ = {isa = PBXFileReference; lastKnownFileType = file.storyboard; name = Base; path = Base.lproj/LaunchScreen.storyboard; sourceTree = "<group>"; };
		89652FA81EE4122B0061061E /* Info.plist */ = {isa = PBXFileReference; lastKnownFileType = text.plist.xml; path = Info.plist; sourceTree = "<group>"; };
/* End PBXFileReference section */

/* Begin PBXFrameworksBuildPhase section */
		89652F941EE4122B0061061E /* Frameworks */ = {
			isa = PBXFrameworksBuildPhase;
			buildActionMask = 2147483647;
			files = (
			);
			runOnlyForDeploymentPostprocessing = 0;
		};
/* End PBXFrameworksBuildPhase section */

/* Begin PBXGroup section */
		89652F8E1EE4122B0061061E = {
			isa = PBXGroup;
			children = (
				89652F991EE4122B0061061E /* To-Do-List */,
				89652F981EE4122B0061061E /* Products */,
			);
			sourceTree = "<group>";
		};
		89652F981EE4122B0061061E /* Products */ = {
			isa = PBXGroup;
			children = (
				89652F971EE4122B0061061E /* To-Do-List.app */,
			);
			name = Products;
			sourceTree = "<group>";
		};
		89652F991EE4122B0061061E /* To-Do-List */ = {
			isa = PBXGroup;
			children = (
				89652F9A1EE4122B0061061E /* AppDelegate.swift */,
				89652F9C1EE4122B0061061E /* FirstViewController.swift */,
				89652F9E1EE4122B0061061E /* SecondViewController.swift */,
				89652FA01EE4122B0061061E /* Main.storyboard */,
				89652FA31EE4122B0061061E /* Assets.xcassets */,
				89652FA51EE4122B0061061E /* LaunchScreen.storyboard */,
				89652FA81EE4122B0061061E /* Info.plist */,
			);
			path = "To-Do-List";
			sourceTree = "<group>";
		};
/* End PBXGroup section */

/* Begin PBXNativeTarget section */
		89652F961EE4122B0061061E /* To-Do-List */ = {
			isa = PBXNativeTarget;
			buildConfigurationList = 89652FAB1EE4122B0061061E /* Build configuration list for PBXNativeTarget "To-Do-List" */;
			buildPhases = (
				89652F931EE4122B0061061E /* Sources */,
				89652F941EE4122B0061061E /* Frameworks */,
				89652F951EE4122B0061061E /* Resources */,
			);
			buildRules = (
			);
			dependencies = (
			);
			name = "To-Do-List";
			productName = "To-Do-List";
			productReference = 89652F971EE4122B0061061E /* To-Do-List.app */;
			productType = "com.apple.product-type.application";
		};
/* End PBXNativeTarget section */

/* Begin PBXProject section */
		89652F8F1EE4122B0061061E /* Project object */ = {
			isa = PBXProject;
			attributes = {
				LastSwiftUpdateCheck = 0830;
				LastUpgradeCheck = 0830;
				ORGANIZATIONNAME = "Akil Kumar Thota";
				TargetAttributes = {
					89652F961EE4122B0061061E = {
						CreatedOnToolsVersion = 8.3.2;
						DevelopmentTeam = 6UPMA52VHK;
						ProvisioningStyle = Automatic;
					};
				};
			};
			buildConfigurationList = 89652F921EE4122B0061061E /* Build configuration list for PBXProject "To-Do-List" */;
			compatibilityVersion = "Xcode 3.2";
			developmentRegion = English;
			hasScannedForEncodings = 0;
			knownRegions = (
				en,
				Base,
			);
			mainGroup = 89652F8E1EE4122B0061061E;
			productRefGroup = 89652F981EE4122B0061061E /* Products */;
			projectDirPath = "";
			projectRoot = "";
			targets = (
				89652F961EE4122B0061061E /* To-Do-List */,
			);
		};
/* End PBXProject section */

/* Begin PBXResourcesBuildPhase section */
		89652F951EE4122B0061061E /* Resources */ = {
			isa = PBXResourcesBuildPhase;
			buildActionMask = 2147483647;
			files = (
				89652FA71EE4122B0061061E /* LaunchScreen.storyboard in Resources */,
				89652FA41EE4122B0061061E /* Assets.xcassets in Resources */,
				89652FA21EE4122B0061061E /* Main.storyboard in Resources */,
			);
			runOnlyForDeploymentPostprocessing = 0;
		};
/* End PBXResourcesBuildPhase section */

/* Begin PBXSourcesBuildPhase section */
		89652F931EE4122B0061061E /* Sources */ = {
			isa = PBXSourcesBuildPhase;
			buildActionMask = 2147483647;
			files = (
				89652F9F1EE4122B0061061E /* SecondViewController.swift in Sources */,
				89652F9B1EE4122B0061061E /* AppDelegate.swift in Sources */,
				89652F9D1EE4122B0061061E /* FirstViewController.swift in Sources */,
			);
			runOnlyForDeploymentPostprocessing = 0;
		};
/* End PBXSourcesBuildPhase section */

/* Begin PBXVariantGroup section */
		89652FA01EE4122B0061061E /* Main.storyboard */ = {
			isa = PBXVariantGroup;
			children = (
				89652FA11EE4122B0061061E /* Base */,
			);
			name = Main.storyboard;
			sourceTree = "<group>";
		};
		89652FA51EE4122B0061061E /* LaunchScreen.storyboard */ = {
			isa = PBXVariantGroup;
			children = (
				89652FA61EE4122B0061061E /* Base */,
			);
			name = LaunchScreen.storyboard;
			sourceTree = "<group>";
		};
/* End PBXVariantGroup section */

/* Begin XCBuildConfiguration section */
		89652FA91EE4122B0061061E /* Debug */ = {
			isa = XCBuildConfiguration;
			buildSettings = {
				ALWAYS_SEARCH_USER_PATHS = NO;
				CLANG_ANALYZER_NONNULL = YES;
				CLANG_ANALYZER_NUMBER_OBJECT_CONVERSION = YES_AGGRESSIVE;
				CLANG_CXX_LANGUAGE_STANDARD = "gnu++0x";
				CLANG_CXX_LIBRARY = "libc++";
				CLANG_ENABLE_MODULES = YES;
				CLANG_ENABLE_OBJC_ARC = YES;
				CLANG_WARN_BOOL_CONVERSION = YES;
				CLANG_WARN_CONSTANT_CONVERSION = YES;
				CLANG_WARN_DIRECT_OBJC_ISA_USAGE = YES_ERROR;
				CLANG_WARN_DOCUMENTATION_COMMENTS = YES;
				CLANG_WARN_EMPTY_BODY = YES;
				CLANG_WARN_ENUM_CONVERSION = YES;
				CLANG_WARN_INFINITE_RECURSION = YES;
				CLANG_WARN_INT_CONVERSION = YES;
				CLANG_WARN_OBJC_ROOT_CLASS = YES_ERROR;
				CLANG_WARN_SUSPICIOUS_MOVE = YES;
				CLANG_WARN_UNREACHABLE_CODE = YES;
				CLANG_WARN__DUPLICATE_METHOD_MATCH = YES;
				"CODE_SIGN_IDENTITY[sdk=iphoneos*]" = "iPhone Developer";
				COPY_PHASE_STRIP = NO;
				DEBUG_INFORMATION_FORMAT = dwarf;
				ENABLE_STRICT_OBJC_MSGSEND = YES;
				ENABLE_TESTABILITY = YES;
				GCC_C_LANGUAGE_STANDARD = gnu99;
				GCC_DYNAMIC_NO_PIC = NO;
				GCC_NO_COMMON_BLOCKS = YES;
				GCC_OPTIMIZATION_LEVEL = 0;
				GCC_PREPROCESSOR_DEFINITIONS = (
					"DEBUG=1",
					"$(inherited)",
				);
				GCC_WARN_64_TO_32_BIT_CONVERSION = YES;
				GCC_WARN_ABOUT_RETURN_TYPE = YES_ERROR;
				GCC_WARN_UNDECLARED_SELECTOR = YES;
				GCC_WARN_UNINITIALIZED_AUTOS = YES_AGGRESSIVE;
				GCC_WARN_UNUSED_FUNCTION = YES;
				GCC_WARN_UNUSED_VARIABLE = YES;
				IPHONEOS_DEPLOYMENT_TARGET = 10.3;
				MTL_ENABLE_DEBUG_INFO = YES;
				ONLY_ACTIVE_ARCH = YES;
				SDKROOT = iphoneos;
				SWIFT_ACTIVE_COMPILATION_CONDITIONS = DEBUG;
				SWIFT_OPTIMIZATION_LEVEL = "-Onone";
			};
			name = Debug;
		};
		89652FAA1EE4122B0061061E /* Release */ = {
			isa = XCBuildConfiguration;
			buildSettings = {
				ALWAYS_SEARCH_USER_PATHS = NO;
				CLANG_ANALYZER_NONNULL = YES;
				CLANG_ANALYZER_NUMBER_OBJECT_CONVERSION = YES_AGGRESSIVE;
				CLANG_CXX_LANGUAGE_STANDARD = "gnu++0x";
				CLANG_CXX_LIBRARY = "libc++";
				CLANG_ENABLE_MODULES = YES;
				CLANG_ENABLE_OBJC_ARC = YES;
				CLANG_WARN_BOOL_CONVERSION = YES;
				CLANG_WARN_CONSTANT_CONVERSION = YES;
				CLANG_WARN_DIRECT_OBJC_ISA_USAGE = YES_ERROR;
				CLANG_WARN_DOCUMENTATION_COMMENTS = YES;
				CLANG_WARN_EMPTY_BODY = YES;
				CLANG_WARN_ENUM_CONVERSION = YES;
				CLANG_WARN_INFINITE_RECURSION = YES;
				CLANG_WARN_INT_CONVERSION = YES;
				CLANG_WARN_OBJC_ROOT_CLASS = YES_ERROR;
				CLANG_WARN_SUSPICIOUS_MOVE = YES;
				CLANG_WARN_UNREACHABLE_CODE = YES;
				CLANG_WARN__DUPLICATE_METHOD_MATCH = YES;
				"CODE_SIGN_IDENTITY[sdk=iphoneos*]" = "iPhone Developer";
				COPY_PHASE_STRIP = NO;
				DEBUG_INFORMATION_FORMAT = "dwarf-with-dsym";
				ENABLE_NS_ASSERTIONS = NO;
				ENABLE_STRICT_OBJC_MSGSEND = YES;
				GCC_C_LANGUAGE_STANDARD = gnu99;
				GCC_NO_COMMON_BLOCKS = YES;
				GCC_WARN_64_TO_32_BIT_CONVERSION = YES;
				GCC_WARN_ABOUT_RETURN_TYPE = YES_ERROR;
				GCC_WARN_UNDECLARED_SELECTOR = YES;
				GCC_WARN_UNINITIALIZED_AUTOS = YES_AGGRESSIVE;
				GCC_WARN_UNUSED_FUNCTION = YES;
				GCC_WARN_UNUSED_VARIABLE = YES;
				IPHONEOS_DEPLOYMENT_TARGET = 10.3;
				MTL_ENABLE_DEBUG_INFO = NO;
				SDKROOT = iphoneos;
				SWIFT_OPTIMIZATION_LEVEL = "-Owholemodule";
				VALIDATE_PRODUCT = YES;
			};
			name = Release;
		};
		89652FAC1EE4122B0061061E /* Debug */ = {
			isa = XCBuildConfiguration;
			buildSettings = {
				ASSETCATALOG_COMPILER_APPICON_NAME = AppIcon;
				DEVELOPMENT_TEAM = 6UPMA52VHK;
				INFOPLIST_FILE = "To-Do-List/Info.plist";
				LD_RUNPATH_SEARCH_PATHS = "$(inherited) @executable_path/Frameworks";
				PRODUCT_BUNDLE_IDENTIFIER = "edu.asu.msse.athota1.To-Do-List";
				PRODUCT_NAME = "$(TARGET_NAME)";
				SWIFT_VERSION = 3.0;
			};
			name = Debug;
		};
		89652FAD1EE4122B0061061E /* Release */ = {
			isa = XCBuildConfiguration;
			buildSettings = {
				ASSETCATALOG_COMPILER_APPICON_NAME = AppIcon;
				DEVELOPMENT_TEAM = 6UPMA52VHK;
				INFOPLIST_FILE = "To-Do-List/Info.plist";
				LD_RUNPATH_SEARCH_PATHS = "$(inherited) @executable_path/Frameworks";
				PRODUCT_BUNDLE_IDENTIFIER = "edu.asu.msse.athota1.To-Do-List";
				PRODUCT_NAME = "$(TARGET_NAME)";
				SWIFT_VERSION = 3.0;
			};
			name = Release;
		};
/* End XCBuildConfiguration section */

/* Begin XCConfigurationList section */
		89652F921EE4122B0061061E /* Build configuration list for PBXProject "To-Do-List" */ = {
			isa = XCConfigurationList;
			buildConfigurations = (
				89652FA91EE4122B0061061E /* Debug */,
				89652FAA1EE4122B0061061E /* Release */,
			);
			defaultConfigurationIsVisible = 0;
			defaultConfigurationName = Release;
		};
		89652FAB1EE4122B0061061E /* Build configuration list for PBXNativeTarget "To-Do-List" */ = {
			isa = XCConfigurationList;
			buildConfigurations = (
				89652FAC1EE4122B0061061E /* Debug */,
				89652FAD1EE4122B0061061E /* Release */,
			);
			defaultConfigurationIsVisible = 0;
		};
/* End XCConfigurationList section */
	};
	rootObject = 89652F8F1EE4122B0061061E /* Project object */;
}
